Microsoft Visual Studio Solution File, Format Version 11.00
# Visual Studio 2008

Project("{4A96CCA3-F6DE-D0B8-31A6-4EF0878BF308}") = "ArmedHeart", "Assembly-CSharp-firstpass.csproj", "{F769006B-4FAC-ACB9-5C67-28D1461D2C61}"
EndProject
Project("{4A96CCA3-F6DE-D0B8-31A6-4EF0878BF308}") = "ArmedHeart", "Assembly-CSharp.csproj", "{E394C853-BBA2-DD86-FE6F-530A916DA9DF}"
EndProject
Project("{4A96CCA3-F6DE-D0B8-31A6-4EF0878BF308}") = "ArmedHeart", "Assembly-CSharp-Editor.csproj", "{9C9E9137-6723-9BE3-16B0-515D2502C6BE}"
EndProject
Global
	GlobalSection(SolutionConfigurationPlatforms) = preSolution
		Debug|Any CPU = Debug|Any CPU
		Release|Any CPU = Release|Any CPU
	EndGlobalSection
	GlobalSection(ProjectConfigurationPlatforms) = postSolution
		{F769006B-4FAC-ACB9-5C67-28D1461D2C61}.Debug|Any CPU.ActiveCfg = Debug|Any CPU
		{F769006B-4FAC-ACB9-5C67-28D1461D2C61}.Debug|Any CPU.Build.0 = Debug|Any CPU
		{F769006B-4FAC-ACB9-5C67-28D1461D2C61}.Release|Any CPU.ActiveCfg = Release|Any CPU
		{F769006B-4FAC-ACB9-5C67-28D1461D2C61}.Release|Any CPU.Build.0 = Release|Any CPU
		{E394C853-BBA2-DD86-FE6F-530A916DA9DF}.Debug|Any CPU.ActiveCfg = Debug|Any CPU
		{E394C853-BBA2-DD86-FE6F-530A916DA9DF}.Debug|Any CPU.Build.0 = Debug|Any CPU
		{E394C853-BBA2-DD86-FE6F-530A916DA9DF}.Release|Any CPU.ActiveCfg = Release|Any CPU
		{E394C853-BBA2-DD86-FE6F-530A916DA9DF}.Release|Any CPU.Build.0 = Release|Any CPU
		{9C9E9137-6723-9BE3-16B0-515D2502C6BE}.Debug|Any CPU.ActiveCfg = Debug|Any CPU
		{9C9E9137-6723-9BE3-16B0-515D2502C6BE}.Debug|Any CPU.Build.0 = Debug|Any CPU
		{9C9E9137-6723-9BE3-16B0-515D2502C6BE}.Release|Any CPU.ActiveCfg = Release|Any CPU
		{9C9E9137-6723-9BE3-16B0-515D2502C6BE}.Release|Any CPU.Build.0 = Release|Any CPU
	EndGlobalSection
	GlobalSection(SolutionProperties) = preSolution
		HideSolutionNode = FALSE
	EndGlobalSection
	GlobalSection(MonoDevelopProperties) = preSolution
		StartupItem = Assembly-CSharp.csproj
		Policies = $0
		$0.TextStylePolicy = $1
		$1.inheritsSet = null
		$1.scope = text/x-csharp
		$0.CSharpFormattingPolicy = $2
		$2.inheritsSet = Mono
		$2.inheritsScope = text/x-csharp
		$2.scope = text/x-csharp
		$0.TextStylePolicy = $3
		$3.FileWidth = 120
		$3.TabWidth = 4
		$3.IndentWidth = 4
		$3.EolMarker = Unix
		$3.inheritsSet = Mono
		$3.inheritsScope = text/plain
		$3.scope = text/plain
	EndGlobalSection
EndGlobal
